{
    "version": 3,
    "terraform_version": "0.11.7",
    "serial": 2,
    "lineage": "90084789-8839-4452-40f7-d5ee0aae4f07",
    "modules": [
        {
            "path": [
                "root"
            ],
            "outputs": {},
            "resources": {
                "aws_subnet.subnet1": {
                    "type": "aws_subnet",
                    "depends_on": [
                        "aws_vpc.main"
                    ],
                    "primary": {
                        "id": "subnet-26af236d",
                        "attributes": {
                            "assign_ipv6_address_on_creation": "false",
                            "availability_zone": "us-west-2b",
                            "cidr_block": "190.160.0.0/24",
                            "id": "subnet-26af236d",
                            "map_public_ip_on_launch": "false",
                            "tags.%": "1",
                            "tags.Name": "subnet1",
                            "vpc_id": "vpc-13e0ee6a"
                        },
                        "meta": {
                            "schema_version": "1"
                        },
                        "tainted": false
                    },
                    "deposed": [],
                    "provider": "provider.aws"
                },
                "aws_vpc.main": {
                    "type": "aws_vpc",
                    "depends_on": [],
                    "primary": {
                        "id": "vpc-13e0ee6a",
                        "attributes": {
                            "assign_generated_ipv6_cidr_block": "false",
                            "cidr_block": "190.160.0.0/16",
                            "default_network_acl_id": "acl-e1128b99",
                            "default_route_table_id": "rtb-80e8f7f8",
                            "default_security_group_id": "sg-146a1f65",
                            "dhcp_options_id": "dopt-35d8d451",
                            "enable_classiclink": "false",
                            "enable_classiclink_dns_support": "false",
                            "enable_dns_hostnames": "false",
                            "enable_dns_support": "true",
                            "id": "vpc-13e0ee6a",
                            "instance_tenancy": "default",
                            "main_route_table_id": "rtb-80e8f7f8",
                            "tags.%": "2",
                            "tags.Location": "Utrecht",
                            "tags.Name": "main"
                        },
                        "meta": {
                            "schema_version": "1"
                        },
                        "tainted": false
                    },
                    "deposed": [],
                    "provider": "provider.aws"
                }
            },
            "depends_on": []
        }
    ]
}
